// !$*UTF8*$!
{
	archiveVersion = 1;
	classes = {
	};
	objectVersion = 77;
	objects = {

/* Begin PBXBuildFile section */
		2F7FCD032D328C3F00F35456 /* (null) in Resources */ = {isa = PBXBuildFile; };
		2F7FCD042D328C3F00F35456 /* (null) in Resources */ = {isa = PBXBuildFile; };
		2F7FCD752D36D00800F35456 /* Launch Screen.storyboard in Resources */ = {isa = PBXBuildFile; fileRef = 2F7FCD742D36D00800F35456 /* Launch Screen.storyboard */; };
		8351D78B2D305724008336BE /* MDSKit in Frameworks */ = {isa = PBXBuildFile; productRef = 8351D78A2D305724008336BE /* MDSKit */; };
		8351D78E2D30575E008336BE /* MDSKit in Frameworks */ = {isa = PBXBuildFile; productRef = 8351D78D2D30575E008336BE /* MDSKit */; };
		839405562D2D041300F3A2CF /* Moya in Frameworks */ = {isa = PBXBuildFile; productRef = 839405552D2D041300F3A2CF /* Moya */; };
/* End PBXBuildFile section */

/* Begin PBXFileReference section */
		2F7FCCD32D328C3F00F35456 /* Config.swift */ = {isa = PBXFileReference; lastKnownFileType = sourcecode.swift; path = Config.swift; sourceTree = "<group>"; };
		2F7FCCD42D328C3F00F35456 /* Memento_iOSApp.swift */ = {isa = PBXFileReference; lastKnownFileType = sourcecode.swift; path = Memento_iOSApp.swift; sourceTree = "<group>"; };
		2F7FCCD62D328C3F00F35456 /* ColorTagView.swift */ = {isa = PBXFileReference; lastKnownFileType = sourcecode.swift; path = ColorTagView.swift; sourceTree = "<group>"; };
		2F7FCCD72D328C3F00F35456 /* PriorityLabel.swift */ = {isa = PBXFileReference; lastKnownFileType = sourcecode.swift; path = PriorityLabel.swift; sourceTree = "<group>"; };
		2F7FCCD82D328C3F00F35456 /* ScheduleListCell.swift */ = {isa = PBXFileReference; lastKnownFileType = sourcecode.swift; path = ScheduleListCell.swift; sourceTree = "<group>"; };
		2F7FCCD92D328C3F00F35456 /* TodoListCell.swift */ = {isa = PBXFileReference; lastKnownFileType = sourcecode.swift; path = TodoListCell.swift; sourceTree = "<group>"; };
		2F7FCCDB2D328C3F00F35456 /* TabBarItem.swift */ = {isa = PBXFileReference; lastKnownFileType = sourcecode.swift; path = TabBarItem.swift; sourceTree = "<group>"; };
		2F7FCCDC2D328C3F00F35456 /* TabBarView.swift */ = {isa = PBXFileReference; lastKnownFileType = sourcecode.swift; path = TabBarView.swift; sourceTree = "<group>"; };
		2F7FCCDE2D328C3F00F35456 /* TimePickerView.swift */ = {isa = PBXFileReference; lastKnownFileType = sourcecode.swift; path = TimePickerView.swift; sourceTree = "<group>"; };
		2F7FCCE02D328C3F00F35456 /* BackgroundView.swift */ = {isa = PBXFileReference; lastKnownFileType = sourcecode.swift; path = BackgroundView.swift; sourceTree = "<group>"; };
		2F7FCCE22D328C3F00F35456 /* StringLiteral.swift */ = {isa = PBXFileReference; lastKnownFileType = sourcecode.swift; path = StringLiteral.swift; sourceTree = "<group>"; };
		2F7FCCE42D328C3F00F35456 /* Color+.swift */ = {isa = PBXFileReference; lastKnownFileType = sourcecode.swift; path = "Color+.swift"; sourceTree = "<group>"; };
		2F7FCCE52D328C3F00F35456 /* Date+.swift */ = {isa = PBXFileReference; lastKnownFileType = sourcecode.swift; path = "Date+.swift"; sourceTree = "<group>"; };
		2F7FCCE62D328C3F00F35456 /* View+.swift */ = {isa = PBXFileReference; lastKnownFileType = sourcecode.swift; path = "View+.swift"; sourceTree = "<group>"; };
		2F7FCCE82D328C3F00F35456 /* BaseAPIService.swift */ = {isa = PBXFileReference; lastKnownFileType = sourcecode.swift; path = BaseAPIService.swift; sourceTree = "<group>"; };
		2F7FCCE92D328C3F00F35456 /* BaseDTO.swift */ = {isa = PBXFileReference; lastKnownFileType = sourcecode.swift; path = BaseDTO.swift; sourceTree = "<group>"; };
		2F7FCCEA2D328C3F00F35456 /* NetworkService.swift */ = {isa = PBXFileReference; lastKnownFileType = sourcecode.swift; path = NetworkService.swift; sourceTree = "<group>"; };
		2F7FCCED2D328C3F00F35456 /* Category.swift */ = {isa = PBXFileReference; lastKnownFileType = sourcecode.swift; path = Category.swift; sourceTree = "<group>"; };
		2F7FCCEE2D328C3F00F35456 /* SurveyQuestion.swift */ = {isa = PBXFileReference; lastKnownFileType = sourcecode.swift; path = SurveyQuestion.swift; sourceTree = "<group>"; };
		2F7FCCF02D328C3F00F35456 /* StepProgressBar.swift */ = {isa = PBXFileReference; lastKnownFileType = sourcecode.swift; path = StepProgressBar.swift; sourceTree = "<group>"; };
		2F7FCCF22D328C3F00F35456 /* CalendarConnectView.swift */ = {isa = PBXFileReference; lastKnownFileType = sourcecode.swift; path = CalendarConnectView.swift; sourceTree = "<group>"; };
		2F7FCCF32D328C3F00F35456 /* LoginView.swift */ = {isa = PBXFileReference; lastKnownFileType = sourcecode.swift; path = LoginView.swift; sourceTree = "<group>"; };
		2F7FCCF42D328C3F00F35456 /* SleepCycleSettingView.swift */ = {isa = PBXFileReference; lastKnownFileType = sourcecode.swift; path = SleepCycleSettingView.swift; sourceTree = "<group>"; };
		2F7FCCF52D328C3F00F35456 /* WorkPreferenceView.swift */ = {isa = PBXFileReference; lastKnownFileType = sourcecode.swift; path = WorkPreferenceView.swift; sourceTree = "<group>"; };
		2F7FCCF62D328C3F00F35456 /* WorkSelectionView.swift */ = {isa = PBXFileReference; lastKnownFileType = sourcecode.swift; path = WorkSelectionView.swift; sourceTree = "<group>"; };
		2F7FCD6E2D363A7A00F35456 /* CustomNavigationBar.swift */ = {isa = PBXFileReference; lastKnownFileType = sourcecode.swift; path = CustomNavigationBar.swift; sourceTree = "<group>"; };
		2F7FCD742D36D00800F35456 /* Launch Screen.storyboard */ = {isa = PBXFileReference; lastKnownFileType = file.storyboard; path = "Launch Screen.storyboard"; sourceTree = "<group>"; };
		830F3C562D2A73BD00254FDE /* Memento-iOS.app */ = {isa = PBXFileReference; explicitFileType = wrapper.application; includeInIndex = 0; path = "Memento-iOS.app"; sourceTree = BUILT_PRODUCTS_DIR; };
/* End PBXFileReference section */

/* Begin PBXFileSystemSynchronizedRootGroup section */
		830F3C582D2A73BD00254FDE /* Memento-iOS */ = {
			isa = PBXFileSystemSynchronizedRootGroup;
			path = "Memento-iOS";
			sourceTree = "<group>";
		};
/* End PBXFileSystemSynchronizedRootGroup section */

/* Begin PBXFrameworksBuildPhase section */
		830F3C532D2A73BD00254FDE /* Frameworks */ = {
			isa = PBXFrameworksBuildPhase;
			buildActionMask = 2147483647;
			files = (
				8351D78E2D30575E008336BE /* MDSKit in Frameworks */,
				8351D78B2D305724008336BE /* MDSKit in Frameworks */,
				839405562D2D041300F3A2CF /* Moya in Frameworks */,
			);
			runOnlyForDeploymentPostprocessing = 0;
		};
/* End PBXFrameworksBuildPhase section */

/* Begin PBXGroup section */
		76E28A282D36E6F600EB19F3 /* View */ = {
			isa = PBXGroup;
			children = (
				2F7FCCD32D328C3F00F35456 /* Config.swift */,
				2F7FCCD42D328C3F00F35456 /* Memento_iOSApp.swift */,
				2F7FCCD62D328C3F00F35456 /* ColorTagView.swift */,
				2F7FCCD72D328C3F00F35456 /* PriorityLabel.swift */,
				2F7FCCD82D328C3F00F35456 /* ScheduleListCell.swift */,
				2F7FCD6E2D363A7A00F35456 /* CustomNavigationBar.swift */,
				2F7FCCD92D328C3F00F35456 /* TodoListCell.swift */,
				2F7FCCDB2D328C3F00F35456 /* TabBarItem.swift */,
				2F7FCCDC2D328C3F00F35456 /* TabBarView.swift */,
				2F7FCCDE2D328C3F00F35456 /* TimePickerView.swift */,
				2F7FCCE02D328C3F00F35456 /* BackgroundView.swift */,
				2F7FCCE22D328C3F00F35456 /* StringLiteral.swift */,
				2F7FCCE42D328C3F00F35456 /* Color+.swift */,
				2F7FCCE52D328C3F00F35456 /* Date+.swift */,
				2F7FCCE62D328C3F00F35456 /* View+.swift */,
				2F7FCCE82D328C3F00F35456 /* BaseAPIService.swift */,
				2F7FCCE92D328C3F00F35456 /* BaseDTO.swift */,
				2F7FCCEA2D328C3F00F35456 /* NetworkService.swift */,
				2F7FCCED2D328C3F00F35456 /* Category.swift */,
				2F7FCCEE2D328C3F00F35456 /* SurveyQuestion.swift */,
				2F7FCCF02D328C3F00F35456 /* StepProgressBar.swift */,
				2F7FCCF32D328C3F00F35456 /* LoginView.swift */,
				2F7FCCF42D328C3F00F35456 /* SleepCycleSettingView.swift */,
				2F7FCCF52D328C3F00F35456 /* WorkPreferenceView.swift */,
				2F7FCCF62D328C3F00F35456 /* WorkSelectionView.swift */,
				2F7FCCF22D328C3F00F35456 /* CalendarConnectView.swift */,
				2F7FCD742D36D00800F35456 /* Launch Screen.storyboard */,
			);
			path = View;
			sourceTree = "<group>";
		};
		830F3C4D2D2A73BD00254FDE = {
			isa = PBXGroup;
			children = (
				830F3C582D2A73BD00254FDE /* Memento-iOS */,
				830F3C572D2A73BD00254FDE /* Products */,
				76E28A282D36E6F600EB19F3 /* View */,
			);
			sourceTree = "<group>";
		};
		830F3C572D2A73BD00254FDE /* Products */ = {
			isa = PBXGroup;
			children = (
				830F3C562D2A73BD00254FDE /* Memento-iOS.app */,
			);
			name = Products;
			sourceTree = "<group>";
		};
/* End PBXGroup section */

/* Begin PBXNativeTarget section */
		830F3C552D2A73BD00254FDE /* Memento-iOS */ = {
			isa = PBXNativeTarget;
			buildConfigurationList = 830F3C642D2A73BF00254FDE /* Build configuration list for PBXNativeTarget "Memento-iOS" */;
			buildPhases = (
				830F3C522D2A73BD00254FDE /* Sources */,
				830F3C532D2A73BD00254FDE /* Frameworks */,
				830F3C542D2A73BD00254FDE /* Resources */,
			);
			buildRules = (
			);
			dependencies = (
			);
			fileSystemSynchronizedGroups = (
				830F3C582D2A73BD00254FDE /* Memento-iOS */,
			);
			name = "Memento-iOS";
			packageProductDependencies = (
				839405552D2D041300F3A2CF /* Moya */,
				8351D78A2D305724008336BE /* MDSKit */,
				8351D78D2D30575E008336BE /* MDSKit */,
			);
			productName = "Memento-iOS";
			productReference = 830F3C562D2A73BD00254FDE /* Memento-iOS.app */;
			productType = "com.apple.product-type.application";
		};
/* End PBXNativeTarget section */

/* Begin PBXProject section */
		830F3C4E2D2A73BD00254FDE /* Project object */ = {
			isa = PBXProject;
			attributes = {
				BuildIndependentTargetsInParallel = 1;
				LastSwiftUpdateCheck = 1620;
				LastUpgradeCheck = 1620;
				TargetAttributes = {
					830F3C552D2A73BD00254FDE = {
						CreatedOnToolsVersion = 16.2;
					};
				};
			};
			buildConfigurationList = 830F3C512D2A73BD00254FDE /* Build configuration list for PBXProject "Memento-iOS" */;
			developmentRegion = en;
			hasScannedForEncodings = 0;
			knownRegions = (
				en,
				Base,
			);
			mainGroup = 830F3C4D2D2A73BD00254FDE;
			minimizedProjectReferenceProxies = 1;
			packageReferences = (
				839405542D2D041200F3A2CF /* XCRemoteSwiftPackageReference "Moya" */,
				8351D78C2D30575E008336BE /* XCRemoteSwiftPackageReference "memento-design-system-iOS" */,
			);
			preferredProjectObjectVersion = 77;
			productRefGroup = 830F3C572D2A73BD00254FDE /* Products */;
			projectDirPath = "";
			projectRoot = "";
			targets = (
				830F3C552D2A73BD00254FDE /* Memento-iOS */,
			);
		};
/* End PBXProject section */

/* Begin PBXResourcesBuildPhase section */
		830F3C542D2A73BD00254FDE /* Resources */ = {
			isa = PBXResourcesBuildPhase;
			buildActionMask = 2147483647;
			files = (
				2F7FCD752D36D00800F35456 /* Launch Screen.storyboard in Resources */,
				2F7FCD032D328C3F00F35456 /* (null) in Resources */,
				2F7FCD042D328C3F00F35456 /* (null) in Resources */,
			);
			runOnlyForDeploymentPostprocessing = 0;
		};
/* End PBXResourcesBuildPhase section */

/* Begin PBXSourcesBuildPhase section */
		830F3C522D2A73BD00254FDE /* Sources */ = {
			isa = PBXSourcesBuildPhase;
			buildActionMask = 2147483647;
			files = (
			);
			runOnlyForDeploymentPostprocessing = 0;
		};
/* End PBXSourcesBuildPhase section */

/* Begin XCBuildConfiguration section */
		830F3C622D2A73BF00254FDE /* Debug */ = {
			isa = XCBuildConfiguration;
			buildSettings = {
				ALWAYS_SEARCH_USER_PATHS = NO;
				ASSETCATALOG_COMPILER_GENERATE_SWIFT_ASSET_SYMBOL_EXTENSIONS = YES;
				CLANG_ANALYZER_NONNULL = YES;
				CLANG_ANALYZER_NUMBER_OBJECT_CONVERSION = YES_AGGRESSIVE;
				CLANG_CXX_LANGUAGE_STANDARD = "gnu++20";
				CLANG_ENABLE_MODULES = YES;
				CLANG_ENABLE_OBJC_ARC = YES;
				CLANG_ENABLE_OBJC_WEAK = YES;
				CLANG_WARN_BLOCK_CAPTURE_AUTORELEASING = YES;
				CLANG_WARN_BOOL_CONVERSION = YES;
				CLANG_WARN_COMMA = YES;
				CLANG_WARN_CONSTANT_CONVERSION = YES;
				CLANG_WARN_DEPRECATED_OBJC_IMPLEMENTATIONS = YES;
				CLANG_WARN_DIRECT_OBJC_ISA_USAGE = YES_ERROR;
				CLANG_WARN_DOCUMENTATION_COMMENTS = YES;
				CLANG_WARN_EMPTY_BODY = YES;
				CLANG_WARN_ENUM_CONVERSION = YES;
				CLANG_WARN_INFINITE_RECURSION = YES;
				CLANG_WARN_INT_CONVERSION = YES;
				CLANG_WARN_NON_LITERAL_NULL_CONVERSION = YES;
				CLANG_WARN_OBJC_IMPLICIT_RETAIN_SELF = YES;
				CLANG_WARN_OBJC_LITERAL_CONVERSION = YES;
				CLANG_WARN_OBJC_ROOT_CLASS = YES_ERROR;
				CLANG_WARN_QUOTED_INCLUDE_IN_FRAMEWORK_HEADER = YES;
				CLANG_WARN_RANGE_LOOP_ANALYSIS = YES;
				CLANG_WARN_STRICT_PROTOTYPES = YES;
				CLANG_WARN_SUSPICIOUS_MOVE = YES;
				CLANG_WARN_UNGUARDED_AVAILABILITY = YES_AGGRESSIVE;
				CLANG_WARN_UNREACHABLE_CODE = YES;
				CLANG_WARN__DUPLICATE_METHOD_MATCH = YES;
				COPY_PHASE_STRIP = NO;
				DEBUG_INFORMATION_FORMAT = dwarf;
				ENABLE_STRICT_OBJC_MSGSEND = YES;
				ENABLE_TESTABILITY = YES;
				ENABLE_USER_SCRIPT_SANDBOXING = YES;
				GCC_C_LANGUAGE_STANDARD = gnu17;
				GCC_DYNAMIC_NO_PIC = NO;
				GCC_NO_COMMON_BLOCKS = YES;
				GCC_OPTIMIZATION_LEVEL = 0;
				GCC_PREPROCESSOR_DEFINITIONS = (
					"DEBUG=1",
					"$(inherited)",
				);
				GCC_WARN_64_TO_32_BIT_CONVERSION = YES;
				GCC_WARN_ABOUT_RETURN_TYPE = YES_ERROR;
				GCC_WARN_UNDECLARED_SELECTOR = YES;
				GCC_WARN_UNINITIALIZED_AUTOS = YES_AGGRESSIVE;
				GCC_WARN_UNUSED_FUNCTION = YES;
				GCC_WARN_UNUSED_VARIABLE = YES;
				INFOPLIST_KEY_UILaunchScreen_Generation = YES;
				INFOPLIST_KEY_UILaunchStoryboardName = "Launch Screen";
				IPHONEOS_DEPLOYMENT_TARGET = 18.2;
				LOCALIZATION_PREFERS_STRING_CATALOGS = YES;
				MTL_ENABLE_DEBUG_INFO = INCLUDE_SOURCE;
				MTL_FAST_MATH = YES;
				ONLY_ACTIVE_ARCH = YES;
				SDKROOT = iphoneos;
				SWIFT_ACTIVE_COMPILATION_CONDITIONS = "DEBUG $(inherited)";
				SWIFT_OPTIMIZATION_LEVEL = "-Onone";
			};
			name = Debug;
		};
		830F3C632D2A73BF00254FDE /* Release */ = {
			isa = XCBuildConfiguration;
			buildSettings = {
				ALWAYS_SEARCH_USER_PATHS = NO;
				ASSETCATALOG_COMPILER_GENERATE_SWIFT_ASSET_SYMBOL_EXTENSIONS = YES;
				CLANG_ANALYZER_NONNULL = YES;
				CLANG_ANALYZER_NUMBER_OBJECT_CONVERSION = YES_AGGRESSIVE;
				CLANG_CXX_LANGUAGE_STANDARD = "gnu++20";
				CLANG_ENABLE_MODULES = YES;
				CLANG_ENABLE_OBJC_ARC = YES;
				CLANG_ENABLE_OBJC_WEAK = YES;
				CLANG_WARN_BLOCK_CAPTURE_AUTORELEASING = YES;
				CLANG_WARN_BOOL_CONVERSION = YES;
				CLANG_WARN_COMMA = YES;
				CLANG_WARN_CONSTANT_CONVERSION = YES;
				CLANG_WARN_DEPRECATED_OBJC_IMPLEMENTATIONS = YES;
				CLANG_WARN_DIRECT_OBJC_ISA_USAGE = YES_ERROR;
				CLANG_WARN_DOCUMENTATION_COMMENTS = YES;
				CLANG_WARN_EMPTY_BODY = YES;
				CLANG_WARN_ENUM_CONVERSION = YES;
				CLANG_WARN_INFINITE_RECURSION = YES;
				CLANG_WARN_INT_CONVERSION = YES;
				CLANG_WARN_NON_LITERAL_NULL_CONVERSION = YES;
				CLANG_WARN_OBJC_IMPLICIT_RETAIN_SELF = YES;
				CLANG_WARN_OBJC_LITERAL_CONVERSION = YES;
				CLANG_WARN_OBJC_ROOT_CLASS = YES_ERROR;
				CLANG_WARN_QUOTED_INCLUDE_IN_FRAMEWORK_HEADER = YES;
				CLANG_WARN_RANGE_LOOP_ANALYSIS = YES;
				CLANG_WARN_STRICT_PROTOTYPES = YES;
				CLANG_WARN_SUSPICIOUS_MOVE = YES;
				CLANG_WARN_UNGUARDED_AVAILABILITY = YES_AGGRESSIVE;
				CLANG_WARN_UNREACHABLE_CODE = YES;
				CLANG_WARN__DUPLICATE_METHOD_MATCH = YES;
				COPY_PHASE_STRIP = NO;
				DEBUG_INFORMATION_FORMAT = "dwarf-with-dsym";
				ENABLE_NS_ASSERTIONS = NO;
				ENABLE_STRICT_OBJC_MSGSEND = YES;
				ENABLE_USER_SCRIPT_SANDBOXING = YES;
				GCC_C_LANGUAGE_STANDARD = gnu17;
				GCC_NO_COMMON_BLOCKS = YES;
				GCC_WARN_64_TO_32_BIT_CONVERSION = YES;
				GCC_WARN_ABOUT_RETURN_TYPE = YES_ERROR;
				GCC_WARN_UNDECLARED_SELECTOR = YES;
				GCC_WARN_UNINITIALIZED_AUTOS = YES_AGGRESSIVE;
				GCC_WARN_UNUSED_FUNCTION = YES;
				GCC_WARN_UNUSED_VARIABLE = YES;
				INFOPLIST_KEY_UILaunchScreen_Generation = YES;
				INFOPLIST_KEY_UILaunchStoryboardName = "Launch Screen";
				IPHONEOS_DEPLOYMENT_TARGET = 18.2;
				LOCALIZATION_PREFERS_STRING_CATALOGS = YES;
				MTL_ENABLE_DEBUG_INFO = NO;
				MTL_FAST_MATH = YES;
				SDKROOT = iphoneos;
				SWIFT_COMPILATION_MODE = wholemodule;
				VALIDATE_PRODUCT = YES;
			};
			name = Release;
		};
		830F3C652D2A73BF00254FDE /* Debug */ = {
			isa = XCBuildConfiguration;
			buildSettings = {
				ASSETCATALOG_COMPILER_APPICON_NAME = AppIcon;
				ASSETCATALOG_COMPILER_GLOBAL_ACCENT_COLOR_NAME = AccentColor;
				ASSETCATALOG_COMPILER_INCLUDE_ALL_APPICON_ASSETS = NO;
				CODE_SIGN_STYLE = Automatic;
				CURRENT_PROJECT_VERSION = 1;
				DEVELOPMENT_ASSET_PATHS = "\"Memento-iOS/Preview Content\"";
				DEVELOPMENT_TEAM = 5KA6J79S24;
				ENABLE_PREVIEWS = YES;
				GENERATE_INFOPLIST_FILE = YES;
				INFOPLIST_FILE = "Memento-iOS/Info.plist";
				INFOPLIST_KEY_UIApplicationSceneManifest_Generation = YES;
				INFOPLIST_KEY_UIApplicationSupportsIndirectInputEvents = YES;
				INFOPLIST_KEY_UILaunchStoryboardName = "Launch Screen";
				INFOPLIST_KEY_UISupportedInterfaceOrientations_iPad = "UIInterfaceOrientationPortrait UIInterfaceOrientationPortraitUpsideDown UIInterfaceOrientationLandscapeLeft UIInterfaceOrientationLandscapeRight";
				INFOPLIST_KEY_UISupportedInterfaceOrientations_iPhone = "UIInterfaceOrientationPortrait UIInterfaceOrientationLandscapeLeft UIInterfaceOrientationLandscapeRight";
				IPHONEOS_DEPLOYMENT_TARGET = 17.6;
				LD_RUNPATH_SEARCH_PATHS = (
					"$(inherited)",
					"@executable_path/Frameworks",
				);
				MARKETING_VERSION = 1.0;
				PRODUCT_BUNDLE_IDENTIFIER = "com.Memento-iOS";
				PRODUCT_NAME = "$(TARGET_NAME)";
				SWIFT_EMIT_LOC_STRINGS = YES;
				SWIFT_VERSION = 5.0;
				TARGETED_DEVICE_FAMILY = "1,2";
			};
			name = Debug;
		};
		830F3C662D2A73BF00254FDE /* Release */ = {
			isa = XCBuildConfiguration;
			buildSettings = {
				ASSETCATALOG_COMPILER_APPICON_NAME = AppIcon;
				ASSETCATALOG_COMPILER_GLOBAL_ACCENT_COLOR_NAME = AccentColor;
				ASSETCATALOG_COMPILER_INCLUDE_ALL_APPICON_ASSETS = NO;
				CODE_SIGN_STYLE = Automatic;
				CURRENT_PROJECT_VERSION = 1;
				DEVELOPMENT_ASSET_PATHS = "\"Memento-iOS/Preview Content\"";
				DEVELOPMENT_TEAM = 5KA6J79S24;
				ENABLE_PREVIEWS = YES;
				GENERATE_INFOPLIST_FILE = YES;
				INFOPLIST_FILE = "Memento-iOS/Info.plist";
				INFOPLIST_KEY_UIApplicationSceneManifest_Generation = YES;
				INFOPLIST_KEY_UIApplicationSupportsIndirectInputEvents = YES;
				INFOPLIST_KEY_UILaunchStoryboardName = "Launch Screen";
				INFOPLIST_KEY_UISupportedInterfaceOrientations_iPad = "UIInterfaceOrientationPortrait UIInterfaceOrientationPortraitUpsideDown UIInterfaceOrientationLandscapeLeft UIInterfaceOrientationLandscapeRight";
				INFOPLIST_KEY_UISupportedInterfaceOrientations_iPhone = "UIInterfaceOrientationPortrait UIInterfaceOrientationLandscapeLeft UIInterfaceOrientationLandscapeRight";
				IPHONEOS_DEPLOYMENT_TARGET = 17.6;
				LD_RUNPATH_SEARCH_PATHS = (
					"$(inherited)",
					"@executable_path/Frameworks",
				);
				MARKETING_VERSION = 1.0;
				PRODUCT_BUNDLE_IDENTIFIER = "com.Memento-iOS";
				PRODUCT_NAME = "$(TARGET_NAME)";
				SWIFT_EMIT_LOC_STRINGS = YES;
				SWIFT_VERSION = 5.0;
				TARGETED_DEVICE_FAMILY = "1,2";
			};
			name = Release;
		};
/* End XCBuildConfiguration section */

/* Begin XCConfigurationList section */
		830F3C512D2A73BD00254FDE /* Build configuration list for PBXProject "Memento-iOS" */ = {
			isa = XCConfigurationList;
			buildConfigurations = (
				830F3C622D2A73BF00254FDE /* Debug */,
				830F3C632D2A73BF00254FDE /* Release */,
			);
			defaultConfigurationIsVisible = 0;
			defaultConfigurationName = Release;
		};
		830F3C642D2A73BF00254FDE /* Build configuration list for PBXNativeTarget "Memento-iOS" */ = {
			isa = XCConfigurationList;
			buildConfigurations = (
				830F3C652D2A73BF00254FDE /* Debug */,
				830F3C662D2A73BF00254FDE /* Release */,
			);
			defaultConfigurationIsVisible = 0;
			defaultConfigurationName = Release;
		};
/* End XCConfigurationList section */

/* Begin XCRemoteSwiftPackageReference section */
		8351D78C2D30575E008336BE /* XCRemoteSwiftPackageReference "memento-design-system-iOS" */ = {
			isa = XCRemoteSwiftPackageReference;
			repositoryURL = "https://github.com/dev-memento/memento-design-system-iOS";
			requirement = {
				kind = upToNextMajorVersion;
				minimumVersion = 1.0.1;
			};
		};
		839405542D2D041200F3A2CF /* XCRemoteSwiftPackageReference "Moya" */ = {
			isa = XCRemoteSwiftPackageReference;
			repositoryURL = "https://github.com/Moya/Moya";
			requirement = {
				kind = upToNextMajorVersion;
				minimumVersion = 15.0.3;
			};
		};
/* End XCRemoteSwiftPackageReference section */

/* Begin XCSwiftPackageProductDependency section */
		8351D78A2D305724008336BE /* MDSKit */ = {
			isa = XCSwiftPackageProductDependency;
			productName = MDSKit;
		};
		8351D78D2D30575E008336BE /* MDSKit */ = {
			isa = XCSwiftPackageProductDependency;
			package = 8351D78C2D30575E008336BE /* XCRemoteSwiftPackageReference "memento-design-system-iOS" */;
			productName = MDSKit;
		};
		839405552D2D041300F3A2CF /* Moya */ = {
			isa = XCSwiftPackageProductDependency;
			package = 839405542D2D041200F3A2CF /* XCRemoteSwiftPackageReference "Moya" */;
			productName = Moya;
		};
/* End XCSwiftPackageProductDependency section */
	};
	rootObject = 830F3C4E2D2A73BD00254FDE /* Project object */;
}
