// !$*UTF8*$!
{
	archiveVersion = 1;
	classes = {
	};
	objectVersion = 77;
	objects = {

/* Begin PBXBuildFile section */
		2F459C3B2D37C83800EDD537 /* FirebaseAuth in Frameworks */ = {isa = PBXBuildFile; productRef = 2F459C3A2D37C83800EDD537 /* FirebaseAuth */; };
		2F459C3E2D37C88600EDD537 /* GoogleSignIn in Frameworks */ = {isa = PBXBuildFile; productRef = 2F459C3D2D37C88600EDD537 /* GoogleSignIn */; };
		2F459C402D37C88600EDD537 /* GoogleSignInSwift in Frameworks */ = {isa = PBXBuildFile; productRef = 2F459C3F2D37C88600EDD537 /* GoogleSignInSwift */; };
		2F459C432D37C91B00EDD537 /* FirebaseCore in Frameworks */ = {isa = PBXBuildFile; productRef = 2F459C422D37C91B00EDD537 /* FirebaseCore */; };
		8351D78B2D305724008336BE /* MDSKit in Frameworks */ = {isa = PBXBuildFile; productRef = 8351D78A2D305724008336BE /* MDSKit */; };
		8351D78E2D30575E008336BE /* MDSKit in Frameworks */ = {isa = PBXBuildFile; productRef = 8351D78D2D30575E008336BE /* MDSKit */; };
		839405562D2D041300F3A2CF /* Moya in Frameworks */ = {isa = PBXBuildFile; productRef = 839405552D2D041300F3A2CF /* Moya */; };
		9DBC14972D36434200A022A9 /* MCalendar in Frameworks */ = {isa = PBXBuildFile; productRef = 9DBC14962D36434200A022A9 /* MCalendar */; };
/* End PBXBuildFile section */

/* Begin PBXFileReference section */
		830F3C562D2A73BD00254FDE /* Memento-iOS.app */ = {isa = PBXFileReference; explicitFileType = wrapper.application; includeInIndex = 0; path = "Memento-iOS.app"; sourceTree = BUILT_PRODUCTS_DIR; };
/* End PBXFileReference section */

/* Begin PBXFileSystemSynchronizedBuildFileExceptionSet section */
		767FCF042D3805120097733A /* Exceptions for "Memento-iOS" folder in "Memento-iOS" target */ = {
			isa = PBXFileSystemSynchronizedBuildFileExceptionSet;
			membershipExceptions = (
				Info.plist,
			);
			target = 830F3C552D2A73BD00254FDE /* Memento-iOS */;
		};
		9D57D6FF2D3AA104002AB064 /* Exceptions for "Memento-iOS" folder in "Memento-iOS" target */ = {
			isa = PBXFileSystemSynchronizedBuildFileExceptionSet;
			membershipExceptions = (
				"GoogleService-Info.plist",
				"Preview Content/Preview Assets.xcassets",
				Resource/Assets.xcassets,
				Source/Component/Alert/ScheduleAlertView.swift,
				Source/Component/Alert/TodoAlertView.swift,
				Source/Component/NeonAnimationView.swift,
				Source/Data/MCalendarEventList.swift,
				Source/Data/MEventDataSource.swift,
				Source/Presentation/Add/AddSchedule/Model/DateTimeSelection.swift,
				Source/Presentation/Add/AddSchedule/Protocols/DateTimeProtocol.swift,
				Source/Presentation/Add/AddSchedule/View/AddEventTitleView.swift,
				Source/Presentation/Add/AddSchedule/View/AddScheduleView.swift,
				Source/Presentation/Add/AddSchedule/ViewModel/AddEventTitleViewModel.swift,
				Source/Presentation/Add/AddSchedule/ViewModel/DateTimePickerViewModel.swift,
				Source/Presentation/Add/Common/PickerButton/Model/PickerButtonType.swift,
				Source/Presentation/Add/Common/PickerButton/View/PickerButton.swift,
				Source/Presentation/Add/Common/PickerButton/ViewModel/BasePickerViewModel.swift,
				Source/Presentation/Add/Common/PickerButton/ViewModel/PickerButtonViewModel.swift,
				Source/Presentation/Add/Common/Protocols/Presentable.swift,
				Source/Presentation/Add/Common/SegmentedMenu/Model/SegmentedMenuType.swift,
				Source/Presentation/Add/Common/SegmentedMenu/View/SegmentedMenuView.swift,
				Source/Presentation/Add/Common/SegmentedMenu/ViewModel/SegmentedMenuViewModel.swift,
				"Source/Presentation/Onboarding/View/Launch Screen.storyboard",
				Source/Presentation/Onboarding/ViewModel/AuthViewModel.swift,
				Source/Presentation/Onboarding/ViewModel/OnboardingViewModel.swift,
				Source/Presentation/Today/Model/AllDayDataModel.swift,
				Source/Presentation/Today/Model/ScheduleDataModel.swift,
				Source/Presentation/Today/Model/TodayItemDataModel.swift,
				Source/Presentation/Today/Model/TodoDataModel.swift,
				Source/Presentation/Today/View/AllDayListView.swift,
				Source/Presentation/Today/View/ArrowListCell.swift,
				Source/Presentation/Today/View/EmptyView.swift,
				Source/Presentation/Today/View/OffsetObservableScrollView.swift,
				Source/Presentation/Today/View/ReusableView/WakeUpHeaderView.swift,
				Source/Presentation/Today/View/ReusableView/WindDownFooterView.swift,
				Source/Presentation/Today/View/WeeklyCalendarView.swift,
				Source/Presentation/Today/ViewModel/WeeklyCalendarViewModel.swift,
				Source/Presentation/ToDoList/View/ToDoListView.swift,
			);
			target = 830F3C552D2A73BD00254FDE /* Memento-iOS */;
		};
/* End PBXFileSystemSynchronizedBuildFileExceptionSet section */

/* Begin PBXFileSystemSynchronizedRootGroup section */
		830F3C582D2A73BD00254FDE /* Memento-iOS */ = {
			isa = PBXFileSystemSynchronizedRootGroup;
			exceptions = (
				767FCF042D3805120097733A /* Exceptions for "Memento-iOS" folder in "Memento-iOS" target */,
			);
			path = "Memento-iOS";
			sourceTree = "<group>";
		};
		9D57D6E32D3AA104002AB064 /* Memento-iOS */ = {
			isa = PBXFileSystemSynchronizedRootGroup;
			exceptions = (
				9D57D6FF2D3AA104002AB064 /* Exceptions for "Memento-iOS" folder in "Memento-iOS" target */,
			);
			path = "Memento-iOS";
			sourceTree = "<group>";
		};
/* End PBXFileSystemSynchronizedRootGroup section */

/* Begin PBXFrameworksBuildPhase section */
		830F3C532D2A73BD00254FDE /* Frameworks */ = {
			isa = PBXFrameworksBuildPhase;
			buildActionMask = 2147483647;
			files = (
				2F459C3E2D37C88600EDD537 /* GoogleSignIn in Frameworks */,
				9DBC14972D36434200A022A9 /* MCalendar in Frameworks */,
				8351D78E2D30575E008336BE /* MDSKit in Frameworks */,
				8351D78B2D305724008336BE /* MDSKit in Frameworks */,
				2F459C402D37C88600EDD537 /* GoogleSignInSwift in Frameworks */,
				2F459C432D37C91B00EDD537 /* FirebaseCore in Frameworks */,
				839405562D2D041300F3A2CF /* Moya in Frameworks */,
				2F459C3B2D37C83800EDD537 /* FirebaseAuth in Frameworks */,
			);
			runOnlyForDeploymentPostprocessing = 0;
		};
/* End PBXFrameworksBuildPhase section */

/* Begin PBXGroup section */
		2F459C412D37C91B00EDD537 /* Frameworks */ = {
			isa = PBXGroup;
			children = (
			);
			name = Frameworks;
			sourceTree = "<group>";
		};
		2F459FBD2D390C4C00EDD537 /* Recovered References */ = {
			isa = PBXGroup;
			children = (
				830F3C582D2A73BD00254FDE /* Memento-iOS */,
			);
			name = "Recovered References";
			sourceTree = "<group>";
		};
		830F3C4D2D2A73BD00254FDE = {
			isa = PBXGroup;
			children = (
				9D57D6E32D3AA104002AB064 /* Memento-iOS */,
				2F459C412D37C91B00EDD537 /* Frameworks */,
				830F3C572D2A73BD00254FDE /* Products */,
				2F459FBD2D390C4C00EDD537 /* Recovered References */,
			);
			sourceTree = "<group>";
		};
		830F3C572D2A73BD00254FDE /* Products */ = {
			isa = PBXGroup;
			children = (
				830F3C562D2A73BD00254FDE /* Memento-iOS.app */,
			);
			name = Products;
			sourceTree = "<group>";
		};
/* End PBXGroup section */

/* Begin PBXNativeTarget section */
		830F3C552D2A73BD00254FDE /* Memento-iOS */ = {
			isa = PBXNativeTarget;
			buildConfigurationList = 830F3C642D2A73BF00254FDE /* Build configuration list for PBXNativeTarget "Memento-iOS" */;
			buildPhases = (
				830F3C522D2A73BD00254FDE /* Sources */,
				830F3C532D2A73BD00254FDE /* Frameworks */,
				830F3C542D2A73BD00254FDE /* Resources */,
			);
			buildRules = (
			);
			dependencies = (
			);
			fileSystemSynchronizedGroups = (
				830F3C582D2A73BD00254FDE /* Memento-iOS */,
			);
			name = "Memento-iOS";
			packageProductDependencies = (
				839405552D2D041300F3A2CF /* Moya */,
				8351D78A2D305724008336BE /* MDSKit */,
				8351D78D2D30575E008336BE /* MDSKit */,
				2F459C3A2D37C83800EDD537 /* FirebaseAuth */,
				2F459C3D2D37C88600EDD537 /* GoogleSignIn */,
				2F459C3F2D37C88600EDD537 /* GoogleSignInSwift */,
				2F459C422D37C91B00EDD537 /* FirebaseCore */,
				9DBC14962D36434200A022A9 /* MCalendar */,
			);
			productName = "Memento-iOS";
			productReference = 830F3C562D2A73BD00254FDE /* Memento-iOS.app */;
			productType = "com.apple.product-type.application";
		};
/* End PBXNativeTarget section */

/* Begin PBXProject section */
		830F3C4E2D2A73BD00254FDE /* Project object */ = {
			isa = PBXProject;
			attributes = {
				BuildIndependentTargetsInParallel = 1;
				LastSwiftUpdateCheck = 1620;
				LastUpgradeCheck = 1620;
				TargetAttributes = {
					830F3C552D2A73BD00254FDE = {
						CreatedOnToolsVersion = 16.2;
					};
				};
			};
			buildConfigurationList = 830F3C512D2A73BD00254FDE /* Build configuration list for PBXProject "Memento-iOS" */;
			developmentRegion = en;
			hasScannedForEncodings = 0;
			knownRegions = (
				en,
				Base,
			);
			mainGroup = 830F3C4D2D2A73BD00254FDE;
			minimizedProjectReferenceProxies = 1;
			packageReferences = (
				839405542D2D041200F3A2CF /* XCRemoteSwiftPackageReference "Moya" */,
				8351D78C2D30575E008336BE /* XCRemoteSwiftPackageReference "memento-design-system-iOS" */,
				2F459C392D37C83800EDD537 /* XCRemoteSwiftPackageReference "firebase-ios-sdk" */,
				2F459C3C2D37C88600EDD537 /* XCRemoteSwiftPackageReference "GoogleSignIn-iOS" */,
				9DBC14952D36434200A022A9 /* XCRemoteSwiftPackageReference "memento-calendar" */,
			);
			preferredProjectObjectVersion = 77;
			productRefGroup = 830F3C572D2A73BD00254FDE /* Products */;
			projectDirPath = "";
			projectRoot = "";
			targets = (
				830F3C552D2A73BD00254FDE /* Memento-iOS */,
			);
		};
/* End PBXProject section */

/* Begin PBXResourcesBuildPhase section */
		830F3C542D2A73BD00254FDE /* Resources */ = {
			isa = PBXResourcesBuildPhase;
			buildActionMask = 2147483647;
			files = (
			);
			runOnlyForDeploymentPostprocessing = 0;
		};
/* End PBXResourcesBuildPhase section */

/* Begin PBXSourcesBuildPhase section */
		830F3C522D2A73BD00254FDE /* Sources */ = {
			isa = PBXSourcesBuildPhase;
			buildActionMask = 2147483647;
			files = (
			);
			runOnlyForDeploymentPostprocessing = 0;
		};
/* End PBXSourcesBuildPhase section */

/* Begin XCBuildConfiguration section */
		830F3C622D2A73BF00254FDE /* Debug */ = {
			isa = XCBuildConfiguration;
			buildSettings = {
				ALWAYS_SEARCH_USER_PATHS = NO;
				ASSETCATALOG_COMPILER_GENERATE_SWIFT_ASSET_SYMBOL_EXTENSIONS = YES;
				CLANG_ANALYZER_NONNULL = YES;
				CLANG_ANALYZER_NUMBER_OBJECT_CONVERSION = YES_AGGRESSIVE;
				CLANG_CXX_LANGUAGE_STANDARD = "gnu++20";
				CLANG_ENABLE_MODULES = YES;
				CLANG_ENABLE_OBJC_ARC = YES;
				CLANG_ENABLE_OBJC_WEAK = YES;
				CLANG_WARN_BLOCK_CAPTURE_AUTORELEASING = YES;
				CLANG_WARN_BOOL_CONVERSION = YES;
				CLANG_WARN_COMMA = YES;
				CLANG_WARN_CONSTANT_CONVERSION = YES;
				CLANG_WARN_DEPRECATED_OBJC_IMPLEMENTATIONS = YES;
				CLANG_WARN_DIRECT_OBJC_ISA_USAGE = YES_ERROR;
				CLANG_WARN_DOCUMENTATION_COMMENTS = YES;
				CLANG_WARN_EMPTY_BODY = YES;
				CLANG_WARN_ENUM_CONVERSION = YES;
				CLANG_WARN_INFINITE_RECURSION = YES;
				CLANG_WARN_INT_CONVERSION = YES;
				CLANG_WARN_NON_LITERAL_NULL_CONVERSION = YES;
				CLANG_WARN_OBJC_IMPLICIT_RETAIN_SELF = YES;
				CLANG_WARN_OBJC_LITERAL_CONVERSION = YES;
				CLANG_WARN_OBJC_ROOT_CLASS = YES_ERROR;
				CLANG_WARN_QUOTED_INCLUDE_IN_FRAMEWORK_HEADER = YES;
				CLANG_WARN_RANGE_LOOP_ANALYSIS = YES;
				CLANG_WARN_STRICT_PROTOTYPES = YES;
				CLANG_WARN_SUSPICIOUS_MOVE = YES;
				CLANG_WARN_UNGUARDED_AVAILABILITY = YES_AGGRESSIVE;
				CLANG_WARN_UNREACHABLE_CODE = YES;
				CLANG_WARN__DUPLICATE_METHOD_MATCH = YES;
				COPY_PHASE_STRIP = NO;
				DEBUG_INFORMATION_FORMAT = dwarf;
				ENABLE_STRICT_OBJC_MSGSEND = YES;
				ENABLE_TESTABILITY = YES;
				ENABLE_USER_SCRIPT_SANDBOXING = YES;
				GCC_C_LANGUAGE_STANDARD = gnu17;
				GCC_DYNAMIC_NO_PIC = NO;
				GCC_NO_COMMON_BLOCKS = YES;
				GCC_OPTIMIZATION_LEVEL = 0;
				GCC_PREPROCESSOR_DEFINITIONS = (
					"DEBUG=1",
					"$(inherited)",
				);
				GCC_WARN_64_TO_32_BIT_CONVERSION = YES;
				GCC_WARN_ABOUT_RETURN_TYPE = YES_ERROR;
				GCC_WARN_UNDECLARED_SELECTOR = YES;
				GCC_WARN_UNINITIALIZED_AUTOS = YES_AGGRESSIVE;
				GCC_WARN_UNUSED_FUNCTION = YES;
				GCC_WARN_UNUSED_VARIABLE = YES;
				INFOPLIST_KEY_UILaunchScreen_Generation = YES;
				INFOPLIST_KEY_UILaunchStoryboardName = "Launch Screen";
				IPHONEOS_DEPLOYMENT_TARGET = 18.2;
				LOCALIZATION_PREFERS_STRING_CATALOGS = YES;
				MTL_ENABLE_DEBUG_INFO = INCLUDE_SOURCE;
				MTL_FAST_MATH = YES;
				ONLY_ACTIVE_ARCH = YES;
				SDKROOT = iphoneos;
				SWIFT_ACTIVE_COMPILATION_CONDITIONS = "DEBUG $(inherited)";
				SWIFT_OPTIMIZATION_LEVEL = "-Onone";
			};
			name = Debug;
		};
		830F3C632D2A73BF00254FDE /* Release */ = {
			isa = XCBuildConfiguration;
			buildSettings = {
				ALWAYS_SEARCH_USER_PATHS = NO;
				ASSETCATALOG_COMPILER_GENERATE_SWIFT_ASSET_SYMBOL_EXTENSIONS = YES;
				CLANG_ANALYZER_NONNULL = YES;
				CLANG_ANALYZER_NUMBER_OBJECT_CONVERSION = YES_AGGRESSIVE;
				CLANG_CXX_LANGUAGE_STANDARD = "gnu++20";
				CLANG_ENABLE_MODULES = YES;
				CLANG_ENABLE_OBJC_ARC = YES;
				CLANG_ENABLE_OBJC_WEAK = YES;
				CLANG_WARN_BLOCK_CAPTURE_AUTORELEASING = YES;
				CLANG_WARN_BOOL_CONVERSION = YES;
				CLANG_WARN_COMMA = YES;
				CLANG_WARN_CONSTANT_CONVERSION = YES;
				CLANG_WARN_DEPRECATED_OBJC_IMPLEMENTATIONS = YES;
				CLANG_WARN_DIRECT_OBJC_ISA_USAGE = YES_ERROR;
				CLANG_WARN_DOCUMENTATION_COMMENTS = YES;
				CLANG_WARN_EMPTY_BODY = YES;
				CLANG_WARN_ENUM_CONVERSION = YES;
				CLANG_WARN_INFINITE_RECURSION = YES;
				CLANG_WARN_INT_CONVERSION = YES;
				CLANG_WARN_NON_LITERAL_NULL_CONVERSION = YES;
				CLANG_WARN_OBJC_IMPLICIT_RETAIN_SELF = YES;
				CLANG_WARN_OBJC_LITERAL_CONVERSION = YES;
				CLANG_WARN_OBJC_ROOT_CLASS = YES_ERROR;
				CLANG_WARN_QUOTED_INCLUDE_IN_FRAMEWORK_HEADER = YES;
				CLANG_WARN_RANGE_LOOP_ANALYSIS = YES;
				CLANG_WARN_STRICT_PROTOTYPES = YES;
				CLANG_WARN_SUSPICIOUS_MOVE = YES;
				CLANG_WARN_UNGUARDED_AVAILABILITY = YES_AGGRESSIVE;
				CLANG_WARN_UNREACHABLE_CODE = YES;
				CLANG_WARN__DUPLICATE_METHOD_MATCH = YES;
				COPY_PHASE_STRIP = NO;
				DEBUG_INFORMATION_FORMAT = "dwarf-with-dsym";
				ENABLE_NS_ASSERTIONS = NO;
				ENABLE_STRICT_OBJC_MSGSEND = YES;
				ENABLE_USER_SCRIPT_SANDBOXING = YES;
				GCC_C_LANGUAGE_STANDARD = gnu17;
				GCC_NO_COMMON_BLOCKS = YES;
				GCC_WARN_64_TO_32_BIT_CONVERSION = YES;
				GCC_WARN_ABOUT_RETURN_TYPE = YES_ERROR;
				GCC_WARN_UNDECLARED_SELECTOR = YES;
				GCC_WARN_UNINITIALIZED_AUTOS = YES_AGGRESSIVE;
				GCC_WARN_UNUSED_FUNCTION = YES;
				GCC_WARN_UNUSED_VARIABLE = YES;
				INFOPLIST_KEY_UILaunchScreen_Generation = YES;
				INFOPLIST_KEY_UILaunchStoryboardName = "Launch Screen";
				IPHONEOS_DEPLOYMENT_TARGET = 18.2;
				LOCALIZATION_PREFERS_STRING_CATALOGS = YES;
				MTL_ENABLE_DEBUG_INFO = NO;
				MTL_FAST_MATH = YES;
				SDKROOT = iphoneos;
				SWIFT_COMPILATION_MODE = wholemodule;
				VALIDATE_PRODUCT = YES;
			};
			name = Release;
		};
		830F3C652D2A73BF00254FDE /* Debug */ = {
			isa = XCBuildConfiguration;
			buildSettings = {
				ASSETCATALOG_COMPILER_APPICON_NAME = AppIcon;
				ASSETCATALOG_COMPILER_GLOBAL_ACCENT_COLOR_NAME = AccentColor;
				ASSETCATALOG_COMPILER_INCLUDE_ALL_APPICON_ASSETS = NO;
				CODE_SIGN_ENTITLEMENTS = "Memento-iOS/Memento-iOS.entitlements";
				CODE_SIGN_STYLE = Automatic;
				CURRENT_PROJECT_VERSION = 1;
				DEVELOPMENT_ASSET_PATHS = "\"Memento-iOS/Preview Content\"";
				DEVELOPMENT_TEAM = KT2Q6HC762;
				ENABLE_PREVIEWS = YES;
				GENERATE_INFOPLIST_FILE = YES;
				INFOPLIST_FILE = "Memento-iOS/Info.plist";
				INFOPLIST_KEY_UIApplicationSceneManifest_Generation = YES;
				INFOPLIST_KEY_UIApplicationSupportsIndirectInputEvents = YES;
				INFOPLIST_KEY_UILaunchStoryboardName = "Launch Screen";
				INFOPLIST_KEY_UISupportedInterfaceOrientations_iPad = "UIInterfaceOrientationPortrait UIInterfaceOrientationPortraitUpsideDown UIInterfaceOrientationLandscapeLeft UIInterfaceOrientationLandscapeRight";
				INFOPLIST_KEY_UISupportedInterfaceOrientations_iPhone = "UIInterfaceOrientationPortrait UIInterfaceOrientationLandscapeLeft UIInterfaceOrientationLandscapeRight";
				IPHONEOS_DEPLOYMENT_TARGET = 17.6;
				LD_RUNPATH_SEARCH_PATHS = (
					"$(inherited)",
					"@executable_path/Frameworks",
				);
				MARKETING_VERSION = 1.0;
				PRODUCT_BUNDLE_IDENTIFIER = com.memento.lifeManager;
				PRODUCT_NAME = "$(TARGET_NAME)";
				SWIFT_EMIT_LOC_STRINGS = YES;
				SWIFT_VERSION = 5.0;
				TARGETED_DEVICE_FAMILY = "1,2";
			};
			name = Debug;
		};
		830F3C662D2A73BF00254FDE /* Release */ = {
			isa = XCBuildConfiguration;
			buildSettings = {
				ASSETCATALOG_COMPILER_APPICON_NAME = AppIcon;
				ASSETCATALOG_COMPILER_GLOBAL_ACCENT_COLOR_NAME = AccentColor;
				ASSETCATALOG_COMPILER_INCLUDE_ALL_APPICON_ASSETS = NO;
				CODE_SIGN_ENTITLEMENTS = "Memento-iOS/Memento-iOSRelease.entitlements";
				CODE_SIGN_STYLE = Automatic;
				CURRENT_PROJECT_VERSION = 1;
				DEVELOPMENT_ASSET_PATHS = "\"Memento-iOS/Preview Content\"";
				DEVELOPMENT_TEAM = KT2Q6HC762;
				ENABLE_PREVIEWS = YES;
				GENERATE_INFOPLIST_FILE = YES;
				INFOPLIST_FILE = "Memento-iOS/Info.plist";
				INFOPLIST_KEY_UIApplicationSceneManifest_Generation = YES;
				INFOPLIST_KEY_UIApplicationSupportsIndirectInputEvents = YES;
				INFOPLIST_KEY_UILaunchStoryboardName = "Launch Screen";
				INFOPLIST_KEY_UISupportedInterfaceOrientations_iPad = "UIInterfaceOrientationPortrait UIInterfaceOrientationPortraitUpsideDown UIInterfaceOrientationLandscapeLeft UIInterfaceOrientationLandscapeRight";
				INFOPLIST_KEY_UISupportedInterfaceOrientations_iPhone = "UIInterfaceOrientationPortrait UIInterfaceOrientationLandscapeLeft UIInterfaceOrientationLandscapeRight";
				IPHONEOS_DEPLOYMENT_TARGET = 17.6;
				LD_RUNPATH_SEARCH_PATHS = (
					"$(inherited)",
					"@executable_path/Frameworks",
				);
				MARKETING_VERSION = 1.0;
				PRODUCT_BUNDLE_IDENTIFIER = com.memento.lifeManager;
				PRODUCT_NAME = "$(TARGET_NAME)";
				SWIFT_EMIT_LOC_STRINGS = YES;
				SWIFT_VERSION = 5.0;
				TARGETED_DEVICE_FAMILY = "1,2";
			};
			name = Release;
		};
/* End XCBuildConfiguration section */

/* Begin XCConfigurationList section */
		830F3C512D2A73BD00254FDE /* Build configuration list for PBXProject "Memento-iOS" */ = {
			isa = XCConfigurationList;
			buildConfigurations = (
				830F3C622D2A73BF00254FDE /* Debug */,
				830F3C632D2A73BF00254FDE /* Release */,
			);
			defaultConfigurationIsVisible = 0;
			defaultConfigurationName = Release;
		};
		830F3C642D2A73BF00254FDE /* Build configuration list for PBXNativeTarget "Memento-iOS" */ = {
			isa = XCConfigurationList;
			buildConfigurations = (
				830F3C652D2A73BF00254FDE /* Debug */,
				830F3C662D2A73BF00254FDE /* Release */,
			);
			defaultConfigurationIsVisible = 0;
			defaultConfigurationName = Release;
		};
/* End XCConfigurationList section */

/* Begin XCRemoteSwiftPackageReference section */
		2F459C392D37C83800EDD537 /* XCRemoteSwiftPackageReference "firebase-ios-sdk" */ = {
			isa = XCRemoteSwiftPackageReference;
			repositoryURL = "https://github.com/firebase/firebase-ios-sdk";
			requirement = {
				kind = upToNextMajorVersion;
				minimumVersion = 11.7.0;
			};
		};
		2F459C3C2D37C88600EDD537 /* XCRemoteSwiftPackageReference "GoogleSignIn-iOS" */ = {
			isa = XCRemoteSwiftPackageReference;
			repositoryURL = "https://github.com/google/GoogleSignIn-iOS";
			requirement = {
				kind = upToNextMajorVersion;
				minimumVersion = 8.0.0;
			};
		};
		8351D78C2D30575E008336BE /* XCRemoteSwiftPackageReference "memento-design-system-iOS" */ = {
			isa = XCRemoteSwiftPackageReference;
			repositoryURL = "https://github.com/dev-memento/memento-design-system-iOS";
			requirement = {
				kind = upToNextMajorVersion;
				minimumVersion = 1.0.1;
			};
		};
		839405542D2D041200F3A2CF /* XCRemoteSwiftPackageReference "Moya" */ = {
			isa = XCRemoteSwiftPackageReference;
			repositoryURL = "https://github.com/Moya/Moya";
			requirement = {
				kind = upToNextMajorVersion;
				minimumVersion = 15.0.3;
			};
		};
		9DBC14952D36434200A022A9 /* XCRemoteSwiftPackageReference "memento-calendar" */ = {
			isa = XCRemoteSwiftPackageReference;
			repositoryURL = "https://github.com/dev-memento/memento-calendar.git";
			requirement = {
				kind = upToNextMajorVersion;
				minimumVersion = 1.0.4;
			};
		};
/* End XCRemoteSwiftPackageReference section */

/* Begin XCSwiftPackageProductDependency section */
		2F459C3A2D37C83800EDD537 /* FirebaseAuth */ = {
			isa = XCSwiftPackageProductDependency;
			package = 2F459C392D37C83800EDD537 /* XCRemoteSwiftPackageReference "firebase-ios-sdk" */;
			productName = FirebaseAuth;
		};
		2F459C3D2D37C88600EDD537 /* GoogleSignIn */ = {
			isa = XCSwiftPackageProductDependency;
			package = 2F459C3C2D37C88600EDD537 /* XCRemoteSwiftPackageReference "GoogleSignIn-iOS" */;
			productName = GoogleSignIn;
		};
		2F459C3F2D37C88600EDD537 /* GoogleSignInSwift */ = {
			isa = XCSwiftPackageProductDependency;
			package = 2F459C3C2D37C88600EDD537 /* XCRemoteSwiftPackageReference "GoogleSignIn-iOS" */;
			productName = GoogleSignInSwift;
		};
		2F459C422D37C91B00EDD537 /* FirebaseCore */ = {
			isa = XCSwiftPackageProductDependency;
			package = 2F459C392D37C83800EDD537 /* XCRemoteSwiftPackageReference "firebase-ios-sdk" */;
			productName = FirebaseCore;
		};
		8351D78A2D305724008336BE /* MDSKit */ = {
			isa = XCSwiftPackageProductDependency;
			productName = MDSKit;
		};
		8351D78D2D30575E008336BE /* MDSKit */ = {
			isa = XCSwiftPackageProductDependency;
			package = 8351D78C2D30575E008336BE /* XCRemoteSwiftPackageReference "memento-design-system-iOS" */;
			productName = MDSKit;
		};
		839405552D2D041300F3A2CF /* Moya */ = {
			isa = XCSwiftPackageProductDependency;
			package = 839405542D2D041200F3A2CF /* XCRemoteSwiftPackageReference "Moya" */;
			productName = Moya;
		};
		9DBC14962D36434200A022A9 /* MCalendar */ = {
			isa = XCSwiftPackageProductDependency;
			package = 9DBC14952D36434200A022A9 /* XCRemoteSwiftPackageReference "memento-calendar" */;
			productName = MCalendar;
		};
/* End XCSwiftPackageProductDependency section */
	};
	rootObject = 830F3C4E2D2A73BD00254FDE /* Project object */;
}
